
Microsoft Visual Studio Solution File, Format Version 12.00
# Visual Studio Version 17
VisualStudioVersion = 17.5.33516.290
MinimumVisualStudioVersion = 10.0.40219.1
Project("{FAE04EC0-301F-11D3-BF4B-00C04F79EFBC}") = "ex1", "ex1\ex1.csproj", "{3CE20A11-82AD-4350-AF47-AC4EA69BE235}"
EndProject
Global
	GlobalSection(SolutionConfigurationPlatforms) = preSolution
		Debug|Any CPU = Debug|Any CPU
		Release|Any CPU = Release|Any CPU
	EndGlobalSection
	GlobalSection(ProjectConfigurationPlatforms) = postSolution
		{3CE20A11-82AD-4350-AF47-AC4EA69BE235}.Debug|Any CPU.ActiveCfg = Debug|Any CPU
		{3CE20A11-82AD-4350-AF47-AC4EA69BE235}.Debug|Any CPU.Build.0 = Debug|Any CPU
		{3CE20A11-82AD-4350-AF47-AC4EA69BE235}.Release|Any CPU.ActiveCfg = Release|Any CPU
		{3CE20A11-82AD-4350-AF47-AC4EA69BE235}.Release|Any CPU.Build.0 = Release|Any CPU
	EndGlobalSection
	GlobalSection(SolutionProperties) = preSolution
		HideSolutionNode = FALSE
	EndGlobalSection
	GlobalSection(ExtensibilityGlobals) = postSolution
		SolutionGuid = {D8D2FE67-504D-436D-A416-181EC0B80EE6}
	EndGlobalSection
EndGlobal
